{
  "nodes": {
    "hugo-cyberscape": {
      "flake": false,
      "locked": {
        "lastModified": 1702673750,
        "narHash": "sha256-jJmgi9GpEUPT2pIJTIoENt1TiMbtOgKLdwghH4JC25U=",
        "owner": "isaksolheim",
        "repo": "cyberscape",
        "rev": "7bb6eda37240e30f9eb7aec14228c0dc958fe121",
        "type": "github"
      },
      "original": {
        "owner": "isaksolheim",
        "repo": "cyberscape",
        "type": "github"
      }
    },
    "nixpkgs": {
      "locked": {
        "lastModified": 1732058618,
        "narHash": "sha256-m2wlYheWC2GhaNdXm8J9A2B9F/qSTFhV87lINEHDpJ8=",
        "owner": "NixOS",
        "repo": "nixpkgs",
        "rev": "40ffbfdc9ecca57d897898286cb55fd027c3d4d5",
        "type": "github"
      },
      "original": {
        "owner": "NixOS",
        "repo": "nixpkgs",
        "type": "github"
      }
    },
    "root": {
      "inputs": {
        "hugo-cyberscape": "hugo-cyberscape",
        "nixpkgs": "nixpkgs",
        "utils": "utils"
      }
    },
    "systems": {
      "locked": {
        "lastModified": 1681028828,
        "narHash": "sha256-Vy1rq5AaRuLzOxct8nz4T6wlgyUR7zLU309k9mBC768=",
        "owner": "nix-systems",
        "repo": "default",
        "rev": "da67096a3b9bf56a91d16901293e51ba5b49a27e",
        "type": "github"
      },
      "original": {
        "owner": "nix-systems",
        "repo": "default",
        "type": "github"
      }
    },
    "utils": {
      "inputs": {
        "systems": "systems"
      },
      "locked": {
        "lastModified": 1731533236,
        "narHash": "sha256-l0KFg5HjrsfsO/JpG+r7fRrqm12kzFHyUHqHCVpMMbI=",
        "owner": "numtide",
        "repo": "flake-utils",
        "rev": "11707dc2f618dd54ca8739b309ec4fc024de578b",
        "type": "github"
      },
      "original": {
        "owner": "numtide",
        "repo": "flake-utils",
        "type": "github"
      }
    }
  },
  "root": "root",
  "version": 7
}
